
Microsoft Visual Studio Solution File, Format Version 12.00
# Visual Studio Version 16
VisualStudioVersion = 16.0.31424.327
MinimumVisualStudioVersion = 10.0.40219.1
Project("{00D1A9C2-B5F0-4AF3-8072-F6C62B433612}") = "HigherEd", "HigherEd.sqlproj", "{F84CEC52-1185-428C-80EF-F8AFB435FEDA}"
EndProject
Global
	GlobalSection(SolutionConfigurationPlatforms) = preSolution
		Debug|Any CPU = Debug|Any CPU
		Release|Any CPU = Release|Any CPU
	EndGlobalSection
	GlobalSection(ProjectConfigurationPlatforms) = postSolution
		{F84CEC52-1185-428C-80EF-F8AFB435FEDA}.Debug|Any CPU.ActiveCfg = Debug|Any CPU
		{F84CEC52-1185-428C-80EF-F8AFB435FEDA}.Debug|Any CPU.Build.0 = Debug|Any CPU
		{F84CEC52-1185-428C-80EF-F8AFB435FEDA}.Debug|Any CPU.Deploy.0 = Debug|Any CPU
		{F84CEC52-1185-428C-80EF-F8AFB435FEDA}.Release|Any CPU.ActiveCfg = Release|Any CPU
		{F84CEC52-1185-428C-80EF-F8AFB435FEDA}.Release|Any CPU.Build.0 = Release|Any CPU
		{F84CEC52-1185-428C-80EF-F8AFB435FEDA}.Release|Any CPU.Deploy.0 = Release|Any CPU
	EndGlobalSection
	GlobalSection(SolutionProperties) = preSolution
		HideSolutionNode = FALSE
	EndGlobalSection
	GlobalSection(ExtensibilityGlobals) = postSolution
		SolutionGuid = {55F2F237-4E19-4768-884F-E704AC5646E7}
	EndGlobalSection
EndGlobal
